
Microsoft Visual Studio Solution File, Format Version 12.00
# Visual Studio Version 16
VisualStudioVersion = 16.0.30204.135
MinimumVisualStudioVersion = 10.0.40219.1
Project("{FAE04EC0-301F-11D3-BF4B-00C04F79EFBC}") = "01_Cafe", "01_Cafe\01_Cafe.csproj", "{35B153CA-1543-4836-BA0C-6ABB492211B0}"
EndProject
Project("{FAE04EC0-301F-11D3-BF4B-00C04F79EFBC}") = "01_Cafe_Console", "01_Cafe_Console\01_Cafe_Console.csproj", "{3FB64A15-9129-409D-84C8-C9E47FC5813F}"
EndProject
Project("{FAE04EC0-301F-11D3-BF4B-00C04F79EFBC}") = "01_Cafe_Unit_Tests", "01_MenuRepository_Unit_Tests\01_Cafe_Unit_Tests.csproj", "{C8C8913D-AF98-466B-950D-4CC8A38E7562}"
EndProject
Project("{FAE04EC0-301F-11D3-BF4B-00C04F79EFBC}") = "02_Claims", "02_Claims\02_Claims.csproj", "{15974590-0074-4DAA-902F-350AEC7C0FE3}"
EndProject
Project("{FAE04EC0-301F-11D3-BF4B-00C04F79EFBC}") = "02_Claims_Console", "02_Claims_Console\02_Claims_Console.csproj", "{1A8819E4-2518-46FC-BDEA-BF5E1A5361D3}"
EndProject
Project("{FAE04EC0-301F-11D3-BF4B-00C04F79EFBC}") = "02_Claims_Unit_Tests", "02_Claims_Unit_Tests\02_Claims_Unit_Tests.csproj", "{2101A826-6716-459F-B6BF-2190DF912899}"
EndProject
Project("{FAE04EC0-301F-11D3-BF4B-00C04F79EFBC}") = "03_Badge", "03_Badge\03_Badge.csproj", "{4E62F97C-2CB4-43BC-B88E-9FBA421608C0}"
EndProject
Project("{FAE04EC0-301F-11D3-BF4B-00C04F79EFBC}") = "03_Badge_Console", "03_Badge_Console\03_Badge_Console.csproj", "{F03C90CC-92E3-4CFA-94B0-B3B0DC820DEA}"
EndProject
Project("{FAE04EC0-301F-11D3-BF4B-00C04F79EFBC}") = "03_Badge_Unit_Tests", "03_Badge_Unit_Tests\03_Badge_Unit_Tests.csproj", "{6E3C00B4-0418-49A8-A8DE-F05D8368E778}"
EndProject
Global
	GlobalSection(SolutionConfigurationPlatforms) = preSolution
		Debug|Any CPU = Debug|Any CPU
		Release|Any CPU = Release|Any CPU
	EndGlobalSection
	GlobalSection(ProjectConfigurationPlatforms) = postSolution
		{35B153CA-1543-4836-BA0C-6ABB492211B0}.Debug|Any CPU.ActiveCfg = Debug|Any CPU
		{35B153CA-1543-4836-BA0C-6ABB492211B0}.Debug|Any CPU.Build.0 = Debug|Any CPU
		{35B153CA-1543-4836-BA0C-6ABB492211B0}.Release|Any CPU.ActiveCfg = Release|Any CPU
		{35B153CA-1543-4836-BA0C-6ABB492211B0}.Release|Any CPU.Build.0 = Release|Any CPU
		{3FB64A15-9129-409D-84C8-C9E47FC5813F}.Debug|Any CPU.ActiveCfg = Debug|Any CPU
		{3FB64A15-9129-409D-84C8-C9E47FC5813F}.Debug|Any CPU.Build.0 = Debug|Any CPU
		{3FB64A15-9129-409D-84C8-C9E47FC5813F}.Release|Any CPU.ActiveCfg = Release|Any CPU
		{3FB64A15-9129-409D-84C8-C9E47FC5813F}.Release|Any CPU.Build.0 = Release|Any CPU
		{C8C8913D-AF98-466B-950D-4CC8A38E7562}.Debug|Any CPU.ActiveCfg = Debug|Any CPU
		{C8C8913D-AF98-466B-950D-4CC8A38E7562}.Debug|Any CPU.Build.0 = Debug|Any CPU
		{C8C8913D-AF98-466B-950D-4CC8A38E7562}.Release|Any CPU.ActiveCfg = Release|Any CPU
		{C8C8913D-AF98-466B-950D-4CC8A38E7562}.Release|Any CPU.Build.0 = Release|Any CPU
		{15974590-0074-4DAA-902F-350AEC7C0FE3}.Debug|Any CPU.ActiveCfg = Debug|Any CPU
		{15974590-0074-4DAA-902F-350AEC7C0FE3}.Debug|Any CPU.Build.0 = Debug|Any CPU
		{15974590-0074-4DAA-902F-350AEC7C0FE3}.Release|Any CPU.ActiveCfg = Release|Any CPU
		{15974590-0074-4DAA-902F-350AEC7C0FE3}.Release|Any CPU.Build.0 = Release|Any CPU
		{1A8819E4-2518-46FC-BDEA-BF5E1A5361D3}.Debug|Any CPU.ActiveCfg = Debug|Any CPU
		{1A8819E4-2518-46FC-BDEA-BF5E1A5361D3}.Debug|Any CPU.Build.0 = Debug|Any CPU
		{1A8819E4-2518-46FC-BDEA-BF5E1A5361D3}.Release|Any CPU.ActiveCfg = Release|Any CPU
		{1A8819E4-2518-46FC-BDEA-BF5E1A5361D3}.Release|Any CPU.Build.0 = Release|Any CPU
		{2101A826-6716-459F-B6BF-2190DF912899}.Debug|Any CPU.ActiveCfg = Debug|Any CPU
		{2101A826-6716-459F-B6BF-2190DF912899}.Debug|Any CPU.Build.0 = Debug|Any CPU
		{2101A826-6716-459F-B6BF-2190DF912899}.Release|Any CPU.ActiveCfg = Release|Any CPU
		{2101A826-6716-459F-B6BF-2190DF912899}.Release|Any CPU.Build.0 = Release|Any CPU
		{4E62F97C-2CB4-43BC-B88E-9FBA421608C0}.Debug|Any CPU.ActiveCfg = Debug|Any CPU
		{4E62F97C-2CB4-43BC-B88E-9FBA421608C0}.Debug|Any CPU.Build.0 = Debug|Any CPU
		{4E62F97C-2CB4-43BC-B88E-9FBA421608C0}.Release|Any CPU.ActiveCfg = Release|Any CPU
		{4E62F97C-2CB4-43BC-B88E-9FBA421608C0}.Release|Any CPU.Build.0 = Release|Any CPU
		{F03C90CC-92E3-4CFA-94B0-B3B0DC820DEA}.Debug|Any CPU.ActiveCfg = Debug|Any CPU
		{F03C90CC-92E3-4CFA-94B0-B3B0DC820DEA}.Debug|Any CPU.Build.0 = Debug|Any CPU
		{F03C90CC-92E3-4CFA-94B0-B3B0DC820DEA}.Release|Any CPU.ActiveCfg = Release|Any CPU
		{F03C90CC-92E3-4CFA-94B0-B3B0DC820DEA}.Release|Any CPU.Build.0 = Release|Any CPU
		{6E3C00B4-0418-49A8-A8DE-F05D8368E778}.Debug|Any CPU.ActiveCfg = Debug|Any CPU
		{6E3C00B4-0418-49A8-A8DE-F05D8368E778}.Debug|Any CPU.Build.0 = Debug|Any CPU
		{6E3C00B4-0418-49A8-A8DE-F05D8368E778}.Release|Any CPU.ActiveCfg = Release|Any CPU
		{6E3C00B4-0418-49A8-A8DE-F05D8368E778}.Release|Any CPU.Build.0 = Release|Any CPU
	EndGlobalSection
	GlobalSection(SolutionProperties) = preSolution
		HideSolutionNode = FALSE
	EndGlobalSection
	GlobalSection(ExtensibilityGlobals) = postSolution
		SolutionGuid = {E4FC4837-6E0A-4B20-9ADE-9D6ED65BD64E}
	EndGlobalSection
EndGlobal
